
Microsoft Visual Studio Solution File, Format Version 12.00
# Visual Studio Version 16
VisualStudioVersion = 16.0.31624.102
MinimumVisualStudioVersion = 10.0.40219.1
Project("{FAE04EC0-301F-11D3-BF4B-00C04F79EFBC}") = "Myconsoleapp", "Myconsoleapp\Myconsoleapp.csproj", "{5E39B123-1CA2-41A5-8B89-80CAA64EE50A}"
EndProject
Global
	GlobalSection(SolutionConfigurationPlatforms) = preSolution
		Debug|Any CPU = Debug|Any CPU
		Release|Any CPU = Release|Any CPU
	EndGlobalSection
	GlobalSection(ProjectConfigurationPlatforms) = postSolution
		{5E39B123-1CA2-41A5-8B89-80CAA64EE50A}.Debug|Any CPU.ActiveCfg = Debug|Any CPU
		{5E39B123-1CA2-41A5-8B89-80CAA64EE50A}.Debug|Any CPU.Build.0 = Debug|Any CPU
		{5E39B123-1CA2-41A5-8B89-80CAA64EE50A}.Release|Any CPU.ActiveCfg = Release|Any CPU
		{5E39B123-1CA2-41A5-8B89-80CAA64EE50A}.Release|Any CPU.Build.0 = Release|Any CPU
	EndGlobalSection
	GlobalSection(SolutionProperties) = preSolution
		HideSolutionNode = FALSE
	EndGlobalSection
	GlobalSection(ExtensibilityGlobals) = postSolution
		SolutionGuid = {1E51BE63-2693-4802-905F-29418129E51D}
	EndGlobalSection
EndGlobal
