
Microsoft Visual Studio Solution File, Format Version 12.00
# Visual Studio Version 16
VisualStudioVersion = 16.0.31624.102
MinimumVisualStudioVersion = 10.0.40219.1
Project("{FAE04EC0-301F-11D3-BF4B-00C04F79EFBC}") = "WebForm2", "WebForm2\WebForm2.csproj", "{00ED6A92-83EE-4FDA-951B-A660B7657E7A}"
EndProject
Global
	GlobalSection(SolutionConfigurationPlatforms) = preSolution
		Debug|Any CPU = Debug|Any CPU
		Release|Any CPU = Release|Any CPU
	EndGlobalSection
	GlobalSection(ProjectConfigurationPlatforms) = postSolution
		{00ED6A92-83EE-4FDA-951B-A660B7657E7A}.Debug|Any CPU.ActiveCfg = Debug|Any CPU
		{00ED6A92-83EE-4FDA-951B-A660B7657E7A}.Debug|Any CPU.Build.0 = Debug|Any CPU
		{00ED6A92-83EE-4FDA-951B-A660B7657E7A}.Release|Any CPU.ActiveCfg = Release|Any CPU
		{00ED6A92-83EE-4FDA-951B-A660B7657E7A}.Release|Any CPU.Build.0 = Release|Any CPU
	EndGlobalSection
	GlobalSection(SolutionProperties) = preSolution
		HideSolutionNode = FALSE
	EndGlobalSection
	GlobalSection(ExtensibilityGlobals) = postSolution
		SolutionGuid = {1CEAC2BF-C54A-4CD7-9A76-158A58CCB046}
	EndGlobalSection
EndGlobal
