
Microsoft Visual Studio Solution File, Format Version 12.00
# Visual Studio Version 16
VisualStudioVersion = 16.0.31624.102
MinimumVisualStudioVersion = 10.0.40219.1
Project("{FAE04EC0-301F-11D3-BF4B-00C04F79EFBC}") = "EventManagement", "EventManagement\EventManagement.csproj", "{1452DE0A-22E7-4595-850A-73BBBB757C6A}"
EndProject
Project("{FAE04EC0-301F-11D3-BF4B-00C04F79EFBC}") = "EventManagement_Data", "EventManagement_Data\EventManagement_Data.csproj", "{CCFDED61-AF27-40F6-9AC7-CF4F58FEE561}"
EndProject
Project("{FAE04EC0-301F-11D3-BF4B-00C04F79EFBC}") = "EventManagement_Business", "EventManagement_Business\EventManagement_Business.csproj", "{2A9A6402-489E-496E-BB09-2078A0B4E75C}"
EndProject
Global
	GlobalSection(SolutionConfigurationPlatforms) = preSolution
		Debug|Any CPU = Debug|Any CPU
		Release|Any CPU = Release|Any CPU
	EndGlobalSection
	GlobalSection(ProjectConfigurationPlatforms) = postSolution
		{1452DE0A-22E7-4595-850A-73BBBB757C6A}.Debug|Any CPU.ActiveCfg = Debug|Any CPU
		{1452DE0A-22E7-4595-850A-73BBBB757C6A}.Debug|Any CPU.Build.0 = Debug|Any CPU
		{1452DE0A-22E7-4595-850A-73BBBB757C6A}.Release|Any CPU.ActiveCfg = Release|Any CPU
		{1452DE0A-22E7-4595-850A-73BBBB757C6A}.Release|Any CPU.Build.0 = Release|Any CPU
		{CCFDED61-AF27-40F6-9AC7-CF4F58FEE561}.Debug|Any CPU.ActiveCfg = Debug|Any CPU
		{CCFDED61-AF27-40F6-9AC7-CF4F58FEE561}.Debug|Any CPU.Build.0 = Debug|Any CPU
		{CCFDED61-AF27-40F6-9AC7-CF4F58FEE561}.Release|Any CPU.ActiveCfg = Release|Any CPU
		{CCFDED61-AF27-40F6-9AC7-CF4F58FEE561}.Release|Any CPU.Build.0 = Release|Any CPU
		{2A9A6402-489E-496E-BB09-2078A0B4E75C}.Debug|Any CPU.ActiveCfg = Debug|Any CPU
		{2A9A6402-489E-496E-BB09-2078A0B4E75C}.Debug|Any CPU.Build.0 = Debug|Any CPU
		{2A9A6402-489E-496E-BB09-2078A0B4E75C}.Release|Any CPU.ActiveCfg = Release|Any CPU
		{2A9A6402-489E-496E-BB09-2078A0B4E75C}.Release|Any CPU.Build.0 = Release|Any CPU
	EndGlobalSection
	GlobalSection(SolutionProperties) = preSolution
		HideSolutionNode = FALSE
	EndGlobalSection
	GlobalSection(ExtensibilityGlobals) = postSolution
		SolutionGuid = {EC36B689-DAD5-427F-9929-B4F8AA4B21E7}
	EndGlobalSection
EndGlobal
